
Microsoft Visual Studio Solution File, Format Version 12.00
# Visual Studio 15
VisualStudioVersion = 15.0.26124.0
MinimumVisualStudioVersion = 15.0.26124.0
Project("{FAE04EC0-301F-11D3-BF4B-00C04F79EFBC}") = "UnitTests", "UnitTests\UnitTests.csproj", "{42E4DC9A-34F1-46D0-BBE7-410A442889CA}"
EndProject
Project("{2150E333-8FDC-42A3-9474-1A3956D46DE8}") = "_docker", "_docker", "{05E36189-933C-4F19-9725-6815D251EAAE}"
ProjectSection(SolutionItems) = preProject
	_docker\docker-compose.yml = _docker\docker-compose.yml
EndProjectSection
EndProject
Project("{FAE04EC0-301F-11D3-BF4B-00C04F79EFBC}") = "Web", "Web\Web.csproj", "{7F0D9931-537C-47DF-898B-F1A467E2E5D6}"
EndProject
Project("{FAE04EC0-301F-11D3-BF4B-00C04F79EFBC}") = "Domain", "Domain\Domain.csproj", "{F1C6AF38-5AC9-4575-BCE4-12A1522CBAD4}"
EndProject
Global
	GlobalSection(SolutionConfigurationPlatforms) = preSolution
		Debug|Any CPU = Debug|Any CPU
		Debug|x64 = Debug|x64
		Debug|x86 = Debug|x86
		Release|Any CPU = Release|Any CPU
		Release|x64 = Release|x64
		Release|x86 = Release|x86
	EndGlobalSection
	GlobalSection(SolutionProperties) = preSolution
		HideSolutionNode = FALSE
	EndGlobalSection
	GlobalSection(ProjectConfigurationPlatforms) = postSolution
		{42E4DC9A-34F1-46D0-BBE7-410A442889CA}.Debug|Any CPU.ActiveCfg = Debug|Any CPU
		{42E4DC9A-34F1-46D0-BBE7-410A442889CA}.Debug|Any CPU.Build.0 = Debug|Any CPU
		{42E4DC9A-34F1-46D0-BBE7-410A442889CA}.Debug|x64.ActiveCfg = Debug|Any CPU
		{42E4DC9A-34F1-46D0-BBE7-410A442889CA}.Debug|x64.Build.0 = Debug|Any CPU
		{42E4DC9A-34F1-46D0-BBE7-410A442889CA}.Debug|x86.ActiveCfg = Debug|Any CPU
		{42E4DC9A-34F1-46D0-BBE7-410A442889CA}.Debug|x86.Build.0 = Debug|Any CPU
		{42E4DC9A-34F1-46D0-BBE7-410A442889CA}.Release|Any CPU.ActiveCfg = Release|Any CPU
		{42E4DC9A-34F1-46D0-BBE7-410A442889CA}.Release|Any CPU.Build.0 = Release|Any CPU
		{42E4DC9A-34F1-46D0-BBE7-410A442889CA}.Release|x64.ActiveCfg = Release|Any CPU
		{42E4DC9A-34F1-46D0-BBE7-410A442889CA}.Release|x64.Build.0 = Release|Any CPU
		{42E4DC9A-34F1-46D0-BBE7-410A442889CA}.Release|x86.ActiveCfg = Release|Any CPU
		{42E4DC9A-34F1-46D0-BBE7-410A442889CA}.Release|x86.Build.0 = Release|Any CPU
		{7F0D9931-537C-47DF-898B-F1A467E2E5D6}.Debug|Any CPU.ActiveCfg = Debug|Any CPU
		{7F0D9931-537C-47DF-898B-F1A467E2E5D6}.Debug|Any CPU.Build.0 = Debug|Any CPU
		{7F0D9931-537C-47DF-898B-F1A467E2E5D6}.Debug|x64.ActiveCfg = Debug|Any CPU
		{7F0D9931-537C-47DF-898B-F1A467E2E5D6}.Debug|x64.Build.0 = Debug|Any CPU
		{7F0D9931-537C-47DF-898B-F1A467E2E5D6}.Debug|x86.ActiveCfg = Debug|Any CPU
		{7F0D9931-537C-47DF-898B-F1A467E2E5D6}.Debug|x86.Build.0 = Debug|Any CPU
		{7F0D9931-537C-47DF-898B-F1A467E2E5D6}.Release|Any CPU.ActiveCfg = Release|Any CPU
		{7F0D9931-537C-47DF-898B-F1A467E2E5D6}.Release|Any CPU.Build.0 = Release|Any CPU
		{7F0D9931-537C-47DF-898B-F1A467E2E5D6}.Release|x64.ActiveCfg = Release|Any CPU
		{7F0D9931-537C-47DF-898B-F1A467E2E5D6}.Release|x64.Build.0 = Release|Any CPU
		{7F0D9931-537C-47DF-898B-F1A467E2E5D6}.Release|x86.ActiveCfg = Release|Any CPU
		{7F0D9931-537C-47DF-898B-F1A467E2E5D6}.Release|x86.Build.0 = Release|Any CPU
		{F1C6AF38-5AC9-4575-BCE4-12A1522CBAD4}.Debug|Any CPU.ActiveCfg = Debug|Any CPU
		{F1C6AF38-5AC9-4575-BCE4-12A1522CBAD4}.Debug|Any CPU.Build.0 = Debug|Any CPU
		{F1C6AF38-5AC9-4575-BCE4-12A1522CBAD4}.Debug|x64.ActiveCfg = Debug|Any CPU
		{F1C6AF38-5AC9-4575-BCE4-12A1522CBAD4}.Debug|x64.Build.0 = Debug|Any CPU
		{F1C6AF38-5AC9-4575-BCE4-12A1522CBAD4}.Debug|x86.ActiveCfg = Debug|Any CPU
		{F1C6AF38-5AC9-4575-BCE4-12A1522CBAD4}.Debug|x86.Build.0 = Debug|Any CPU
		{F1C6AF38-5AC9-4575-BCE4-12A1522CBAD4}.Release|Any CPU.ActiveCfg = Release|Any CPU
		{F1C6AF38-5AC9-4575-BCE4-12A1522CBAD4}.Release|Any CPU.Build.0 = Release|Any CPU
		{F1C6AF38-5AC9-4575-BCE4-12A1522CBAD4}.Release|x64.ActiveCfg = Release|Any CPU
		{F1C6AF38-5AC9-4575-BCE4-12A1522CBAD4}.Release|x64.Build.0 = Release|Any CPU
		{F1C6AF38-5AC9-4575-BCE4-12A1522CBAD4}.Release|x86.ActiveCfg = Release|Any CPU
		{F1C6AF38-5AC9-4575-BCE4-12A1522CBAD4}.Release|x86.Build.0 = Release|Any CPU
	EndGlobalSection
EndGlobal
